// !$*UTF8*$!
{
	archiveVersion = 1;
	classes = {
	};
	objectVersion = 56;
	objects = {

/* Begin PBXBuildFile section */
		0E19A6AC2BA587AF00CF6263 /* insta_replicaApp.swift in Sources */ = {isa = PBXBuildFile; fileRef = 0E19A6AB2BA587AF00CF6263 /* insta_replicaApp.swift */; };
		0E19A6AE2BA587AF00CF6263 /* ContentView.swift in Sources */ = {isa = PBXBuildFile; fileRef = 0E19A6AD2BA587AF00CF6263 /* ContentView.swift */; };
		0E19A6B02BA587B000CF6263 /* Assets.xcassets in Resources */ = {isa = PBXBuildFile; fileRef = 0E19A6AF2BA587B000CF6263 /* Assets.xcassets */; };
		0E19A6B32BA587B000CF6263 /* Preview Assets.xcassets in Resources */ = {isa = PBXBuildFile; fileRef = 0E19A6B22BA587B000CF6263 /* Preview Assets.xcassets */; };
		0E19A6BD2BA587B000CF6263 /* insta_replicaTests.swift in Sources */ = {isa = PBXBuildFile; fileRef = 0E19A6BC2BA587B000CF6263 /* insta_replicaTests.swift */; };
		0E19A6C72BA587B000CF6263 /* insta_replicaUITests.swift in Sources */ = {isa = PBXBuildFile; fileRef = 0E19A6C62BA587B000CF6263 /* insta_replicaUITests.swift */; };
		0E19A6C92BA587B000CF6263 /* insta_replicaUITestsLaunchTests.swift in Sources */ = {isa = PBXBuildFile; fileRef = 0E19A6C82BA587B000CF6263 /* insta_replicaUITestsLaunchTests.swift */; };
		0E19A6D62BA5B1A600CF6263 /* Replace image hereprofile6.svg in Resources */ = {isa = PBXBuildFile; fileRef = 0E19A6D52BA5B1A600CF6263 /* Replace image hereprofile6.svg */; };
/* End PBXBuildFile section */

/* Begin PBXContainerItemProxy section */
		0E19A6B92BA587B000CF6263 /* PBXContainerItemProxy */ = {
			isa = PBXContainerItemProxy;
			containerPortal = 0E19A6A02BA587AF00CF6263 /* Project object */;
			proxyType = 1;
			remoteGlobalIDString = 0E19A6A72BA587AF00CF6263;
			remoteInfo = "insta-replica";
		};
		0E19A6C32BA587B000CF6263 /* PBXContainerItemProxy */ = {
			isa = PBXContainerItemProxy;
			containerPortal = 0E19A6A02BA587AF00CF6263 /* Project object */;
			proxyType = 1;
			remoteGlobalIDString = 0E19A6A72BA587AF00CF6263;
			remoteInfo = "insta-replica";
		};
/* End PBXContainerItemProxy section */

/* Begin PBXFileReference section */
		0E19A6A82BA587AF00CF6263 /* insta-replica.app */ = {isa = PBXFileReference; explicitFileType = wrapper.application; includeInIndex = 0; path = "insta-replica.app"; sourceTree = BUILT_PRODUCTS_DIR; };
		0E19A6AB2BA587AF00CF6263 /* insta_replicaApp.swift */ = {isa = PBXFileReference; lastKnownFileType = sourcecode.swift; path = insta_replicaApp.swift; sourceTree = "<group>"; };
		0E19A6AD2BA587AF00CF6263 /* ContentView.swift */ = {isa = PBXFileReference; lastKnownFileType = sourcecode.swift; path = ContentView.swift; sourceTree = "<group>"; };
		0E19A6AF2BA587B000CF6263 /* Assets.xcassets */ = {isa = PBXFileReference; lastKnownFileType = folder.assetcatalog; path = Assets.xcassets; sourceTree = "<group>"; };
		0E19A6B22BA587B000CF6263 /* Preview Assets.xcassets */ = {isa = PBXFileReference; lastKnownFileType = folder.assetcatalog; path = "Preview Assets.xcassets"; sourceTree = "<group>"; };
		0E19A6B82BA587B000CF6263 /* insta-replicaTests.xctest */ = {isa = PBXFileReference; explicitFileType = wrapper.cfbundle; includeInIndex = 0; path = "insta-replicaTests.xctest"; sourceTree = BUILT_PRODUCTS_DIR; };
		0E19A6BC2BA587B000CF6263 /* insta_replicaTests.swift */ = {isa = PBXFileReference; lastKnownFileType = sourcecode.swift; path = insta_replicaTests.swift; sourceTree = "<group>"; };
		0E19A6C22BA587B000CF6263 /* insta-replicaUITests.xctest */ = {isa = PBXFileReference; explicitFileType = wrapper.cfbundle; includeInIndex = 0; path = "insta-replicaUITests.xctest"; sourceTree = BUILT_PRODUCTS_DIR; };
		0E19A6C62BA587B000CF6263 /* insta_replicaUITests.swift */ = {isa = PBXFileReference; lastKnownFileType = sourcecode.swift; path = insta_replicaUITests.swift; sourceTree = "<group>"; };
		0E19A6C82BA587B000CF6263 /* insta_replicaUITestsLaunchTests.swift */ = {isa = PBXFileReference; lastKnownFileType = sourcecode.swift; path = insta_replicaUITestsLaunchTests.swift; sourceTree = "<group>"; };
		0E19A6D52BA5B1A600CF6263 /* Replace image hereprofile6.svg */ = {isa = PBXFileReference; fileEncoding = 4; lastKnownFileType = text; name = "Replace image hereprofile6.svg"; path = "../../../Downloads/Replace image hereprofile6.svg"; sourceTree = "<group>"; };
/* End PBXFileReference section */

/* Begin PBXFrameworksBuildPhase section */
		0E19A6A52BA587AF00CF6263 /* Frameworks */ = {
			isa = PBXFrameworksBuildPhase;
			buildActionMask = 2147483647;
			files = (
			);
			runOnlyForDeploymentPostprocessing = 0;
		};
		0E19A6B52BA587B000CF6263 /* Frameworks */ = {
			isa = PBXFrameworksBuildPhase;
			buildActionMask = 2147483647;
			files = (
			);
			runOnlyForDeploymentPostprocessing = 0;
		};
		0E19A6BF2BA587B000CF6263 /* Frameworks */ = {
			isa = PBXFrameworksBuildPhase;
			buildActionMask = 2147483647;
			files = (
			);
			runOnlyForDeploymentPostprocessing = 0;
		};
/* End PBXFrameworksBuildPhase section */

/* Begin PBXGroup section */
		0E19A69F2BA587AF00CF6263 = {
			isa = PBXGroup;
			children = (
				0E19A6AA2BA587AF00CF6263 /* insta-replica */,
				0E19A6BB2BA587B000CF6263 /* insta-replicaTests */,
				0E19A6C52BA587B000CF6263 /* insta-replicaUITests */,
				0E19A6A92BA587AF00CF6263 /* Products */,
			);
			sourceTree = "<group>";
		};
		0E19A6A92BA587AF00CF6263 /* Products */ = {
			isa = PBXGroup;
			children = (
				0E19A6A82BA587AF00CF6263 /* insta-replica.app */,
				0E19A6B82BA587B000CF6263 /* insta-replicaTests.xctest */,
				0E19A6C22BA587B000CF6263 /* insta-replicaUITests.xctest */,
			);
			name = Products;
			sourceTree = "<group>";
		};
		0E19A6AA2BA587AF00CF6263 /* insta-replica */ = {
			isa = PBXGroup;
			children = (
				0E19A6AB2BA587AF00CF6263 /* insta_replicaApp.swift */,
				0E19A6AD2BA587AF00CF6263 /* ContentView.swift */,
				0E19A6AF2BA587B000CF6263 /* Assets.xcassets */,
				0E19A6D52BA5B1A600CF6263 /* Replace image hereprofile6.svg */,
				0E19A6B12BA587B000CF6263 /* Preview Content */,
			);
			path = "insta-replica";
			sourceTree = "<group>";
		};
		0E19A6B12BA587B000CF6263 /* Preview Content */ = {
			isa = PBXGroup;
			children = (
				0E19A6B22BA587B000CF6263 /* Preview Assets.xcassets */,
			);
			path = "Preview Content";
			sourceTree = "<group>";
		};
		0E19A6BB2BA587B000CF6263 /* insta-replicaTests */ = {
			isa = PBXGroup;
			children = (
				0E19A6BC2BA587B000CF6263 /* insta_replicaTests.swift */,
			);
			path = "insta-replicaTests";
			sourceTree = "<group>";
		};
		0E19A6C52BA587B000CF6263 /* insta-replicaUITests */ = {
			isa = PBXGroup;
			children = (
				0E19A6C62BA587B000CF6263 /* insta_replicaUITests.swift */,
				0E19A6C82BA587B000CF6263 /* insta_replicaUITestsLaunchTests.swift */,
			);
			path = "insta-replicaUITests";
			sourceTree = "<group>";
		};
/* End PBXGroup section */

/* Begin PBXNativeTarget section */
		0E19A6A72BA587AF00CF6263 /* insta-replica */ = {
			isa = PBXNativeTarget;
			buildConfigurationList = 0E19A6CC2BA587B000CF6263 /* Build configuration list for PBXNativeTarget "insta-replica" */;
			buildPhases = (
				0E19A6A42BA587AF00CF6263 /* Sources */,
				0E19A6A52BA587AF00CF6263 /* Frameworks */,
				0E19A6A62BA587AF00CF6263 /* Resources */,
			);
			buildRules = (
			);
			dependencies = (
			);
			name = "insta-replica";
			productName = "insta-replica";
			productReference = 0E19A6A82BA587AF00CF6263 /* insta-replica.app */;
			productType = "com.apple.product-type.application";
		};
		0E19A6B72BA587B000CF6263 /* insta-replicaTests */ = {
			isa = PBXNativeTarget;
			buildConfigurationList = 0E19A6CF2BA587B000CF6263 /* Build configuration list for PBXNativeTarget "insta-replicaTests" */;
			buildPhases = (
				0E19A6B42BA587B000CF6263 /* Sources */,
				0E19A6B52BA587B000CF6263 /* Frameworks */,
				0E19A6B62BA587B000CF6263 /* Resources */,
			);
			buildRules = (
			);
			dependencies = (
				0E19A6BA2BA587B000CF6263 /* PBXTargetDependency */,
			);
			name = "insta-replicaTests";
			productName = "insta-replicaTests";
			productReference = 0E19A6B82BA587B000CF6263 /* insta-replicaTests.xctest */;
			productType = "com.apple.product-type.bundle.unit-test";
		};
		0E19A6C12BA587B000CF6263 /* insta-replicaUITests */ = {
			isa = PBXNativeTarget;
			buildConfigurationList = 0E19A6D22BA587B000CF6263 /* Build configuration list for PBXNativeTarget "insta-replicaUITests" */;
			buildPhases = (
				0E19A6BE2BA587B000CF6263 /* Sources */,
				0E19A6BF2BA587B000CF6263 /* Frameworks */,
				0E19A6C02BA587B000CF6263 /* Resources */,
			);
			buildRules = (
			);
			dependencies = (
				0E19A6C42BA587B000CF6263 /* PBXTargetDependency */,
			);
			name = "insta-replicaUITests";
			productName = "insta-replicaUITests";
			productReference = 0E19A6C22BA587B000CF6263 /* insta-replicaUITests.xctest */;
			productType = "com.apple.product-type.bundle.ui-testing";
		};
/* End PBXNativeTarget section */

/* Begin PBXProject section */
		0E19A6A02BA587AF00CF6263 /* Project object */ = {
			isa = PBXProject;
			attributes = {
				BuildIndependentTargetsInParallel = 1;
				LastSwiftUpdateCheck = 1530;
				LastUpgradeCheck = 1530;
				TargetAttributes = {
					0E19A6A72BA587AF00CF6263 = {
						CreatedOnToolsVersion = 15.3;
					};
					0E19A6B72BA587B000CF6263 = {
						CreatedOnToolsVersion = 15.3;
						TestTargetID = 0E19A6A72BA587AF00CF6263;
					};
					0E19A6C12BA587B000CF6263 = {
						CreatedOnToolsVersion = 15.3;
						TestTargetID = 0E19A6A72BA587AF00CF6263;
					};
				};
			};
			buildConfigurationList = 0E19A6A32BA587AF00CF6263 /* Build configuration list for PBXProject "insta-replica" */;
			compatibilityVersion = "Xcode 14.0";
			developmentRegion = en;
			hasScannedForEncodings = 0;
			knownRegions = (
				en,
				Base,
			);
			mainGroup = 0E19A69F2BA587AF00CF6263;
			productRefGroup = 0E19A6A92BA587AF00CF6263 /* Products */;
			projectDirPath = "";
			projectRoot = "";
			targets = (
				0E19A6A72BA587AF00CF6263 /* insta-replica */,
				0E19A6B72BA587B000CF6263 /* insta-replicaTests */,
				0E19A6C12BA587B000CF6263 /* insta-replicaUITests */,
			);
		};
/* End PBXProject section */

/* Begin PBXResourcesBuildPhase section */
		0E19A6A62BA587AF00CF6263 /* Resources */ = {
			isa = PBXResourcesBuildPhase;
			buildActionMask = 2147483647;
			files = (
				0E19A6B32BA587B000CF6263 /* Preview Assets.xcassets in Resources */,
				0E19A6D62BA5B1A600CF6263 /* Replace image hereprofile6.svg in Resources */,
				0E19A6B02BA587B000CF6263 /* Assets.xcassets in Resources */,
			);
			runOnlyForDeploymentPostprocessing = 0;
		};
		0E19A6B62BA587B000CF6263 /* Resources */ = {
			isa = PBXResourcesBuildPhase;
			buildActionMask = 2147483647;
			files = (
			);
			runOnlyForDeploymentPostprocessing = 0;
		};
		0E19A6C02BA587B000CF6263 /* Resources */ = {
			isa = PBXResourcesBuildPhase;
			buildActionMask = 2147483647;
			files = (
			);
			runOnlyForDeploymentPostprocessing = 0;
		};
/* End PBXResourcesBuildPhase section */

/* Begin PBXSourcesBuildPhase section */
		0E19A6A42BA587AF00CF6263 /* Sources */ = {
			isa = PBXSourcesBuildPhase;
			buildActionMask = 2147483647;
			files = (
				0E19A6AE2BA587AF00CF6263 /* ContentView.swift in Sources */,
				0E19A6AC2BA587AF00CF6263 /* insta_replicaApp.swift in Sources */,
			);
			runOnlyForDeploymentPostprocessing = 0;
		};
		0E19A6B42BA587B000CF6263 /* Sources */ = {
			isa = PBXSourcesBuildPhase;
			buildActionMask = 2147483647;
			files = (
				0E19A6BD2BA587B000CF6263 /* insta_replicaTests.swift in Sources */,
			);
			runOnlyForDeploymentPostprocessing = 0;
		};
		0E19A6BE2BA587B000CF6263 /* Sources */ = {
			isa = PBXSourcesBuildPhase;
			buildActionMask = 2147483647;
			files = (
				0E19A6C72BA587B000CF6263 /* insta_replicaUITests.swift in Sources */,
				0E19A6C92BA587B000CF6263 /* insta_replicaUITestsLaunchTests.swift in Sources */,
			);
			runOnlyForDeploymentPostprocessing = 0;
		};
/* End PBXSourcesBuildPhase section */

/* Begin PBXTargetDependency section */
		0E19A6BA2BA587B000CF6263 /* PBXTargetDependency */ = {
			isa = PBXTargetDependency;
			target = 0E19A6A72BA587AF00CF6263 /* insta-replica */;
			targetProxy = 0E19A6B92BA587B000CF6263 /* PBXContainerItemProxy */;
		};
		0E19A6C42BA587B000CF6263 /* PBXTargetDependency */ = {
			isa = PBXTargetDependency;
			target = 0E19A6A72BA587AF00CF6263 /* insta-replica */;
			targetProxy = 0E19A6C32BA587B000CF6263 /* PBXContainerItemProxy */;
		};
/* End PBXTargetDependency section */

/* Begin XCBuildConfiguration section */
		0E19A6CA2BA587B000CF6263 /* Debug */ = {
			isa = XCBuildConfiguration;
			buildSettings = {
				ALWAYS_SEARCH_USER_PATHS = NO;
				ASSETCATALOG_COMPILER_GENERATE_SWIFT_ASSET_SYMBOL_EXTENSIONS = YES;
				CLANG_ANALYZER_NONNULL = YES;
				CLANG_ANALYZER_NUMBER_OBJECT_CONVERSION = YES_AGGRESSIVE;
				CLANG_CXX_LANGUAGE_STANDARD = "gnu++20";
				CLANG_ENABLE_MODULES = YES;
				CLANG_ENABLE_OBJC_ARC = YES;
				CLANG_ENABLE_OBJC_WEAK = YES;
				CLANG_WARN_BLOCK_CAPTURE_AUTORELEASING = YES;
				CLANG_WARN_BOOL_CONVERSION = YES;
				CLANG_WARN_COMMA = YES;
				CLANG_WARN_CONSTANT_CONVERSION = YES;
				CLANG_WARN_DEPRECATED_OBJC_IMPLEMENTATIONS = YES;
				CLANG_WARN_DIRECT_OBJC_ISA_USAGE = YES_ERROR;
				CLANG_WARN_DOCUMENTATION_COMMENTS = YES;
				CLANG_WARN_EMPTY_BODY = YES;
				CLANG_WARN_ENUM_CONVERSION = YES;
				CLANG_WARN_INFINITE_RECURSION = YES;
				CLANG_WARN_INT_CONVERSION = YES;
				CLANG_WARN_NON_LITERAL_NULL_CONVERSION = YES;
				CLANG_WARN_OBJC_IMPLICIT_RETAIN_SELF = YES;
				CLANG_WARN_OBJC_LITERAL_CONVERSION = YES;
				CLANG_WARN_OBJC_ROOT_CLASS = YES_ERROR;
				CLANG_WARN_QUOTED_INCLUDE_IN_FRAMEWORK_HEADER = YES;
				CLANG_WARN_RANGE_LOOP_ANALYSIS = YES;
				CLANG_WARN_STRICT_PROTOTYPES = YES;
				CLANG_WARN_SUSPICIOUS_MOVE = YES;
				CLANG_WARN_UNGUARDED_AVAILABILITY = YES_AGGRESSIVE;
				CLANG_WARN_UNREACHABLE_CODE = YES;
				CLANG_WARN__DUPLICATE_METHOD_MATCH = YES;
				COPY_PHASE_STRIP = NO;
				DEBUG_INFORMATION_FORMAT = dwarf;
				ENABLE_STRICT_OBJC_MSGSEND = YES;
				ENABLE_TESTABILITY = YES;
				ENABLE_USER_SCRIPT_SANDBOXING = YES;
				GCC_C_LANGUAGE_STANDARD = gnu17;
				GCC_DYNAMIC_NO_PIC = NO;
				GCC_NO_COMMON_BLOCKS = YES;
				GCC_OPTIMIZATION_LEVEL = 0;
				GCC_PREPROCESSOR_DEFINITIONS = (
					"DEBUG=1",
					"$(inherited)",
				);
				GCC_WARN_64_TO_32_BIT_CONVERSION = YES;
				GCC_WARN_ABOUT_RETURN_TYPE = YES_ERROR;
				GCC_WARN_UNDECLARED_SELECTOR = YES;
				GCC_WARN_UNINITIALIZED_AUTOS = YES_AGGRESSIVE;
				GCC_WARN_UNUSED_FUNCTION = YES;
				GCC_WARN_UNUSED_VARIABLE = YES;
				IPHONEOS_DEPLOYMENT_TARGET = 17.4;
				LOCALIZATION_PREFERS_STRING_CATALOGS = YES;
				MTL_ENABLE_DEBUG_INFO = INCLUDE_SOURCE;
				MTL_FAST_MATH = YES;
				ONLY_ACTIVE_ARCH = YES;
				SDKROOT = iphoneos;
				SWIFT_ACTIVE_COMPILATION_CONDITIONS = "DEBUG $(inherited)";
				SWIFT_OPTIMIZATION_LEVEL = "-Onone";
			};
			name = Debug;
		};
		0E19A6CB2BA587B000CF6263 /* Release */ = {
			isa = XCBuildConfiguration;
			buildSettings = {
				ALWAYS_SEARCH_USER_PATHS = NO;
				ASSETCATALOG_COMPILER_GENERATE_SWIFT_ASSET_SYMBOL_EXTENSIONS = YES;
				CLANG_ANALYZER_NONNULL = YES;
				CLANG_ANALYZER_NUMBER_OBJECT_CONVERSION = YES_AGGRESSIVE;
				CLANG_CXX_LANGUAGE_STANDARD = "gnu++20";
				CLANG_ENABLE_MODULES = YES;
				CLANG_ENABLE_OBJC_ARC = YES;
				CLANG_ENABLE_OBJC_WEAK = YES;
				CLANG_WARN_BLOCK_CAPTURE_AUTORELEASING = YES;
				CLANG_WARN_BOOL_CONVERSION = YES;
				CLANG_WARN_COMMA = YES;
				CLANG_WARN_CONSTANT_CONVERSION = YES;
				CLANG_WARN_DEPRECATED_OBJC_IMPLEMENTATIONS = YES;
				CLANG_WARN_DIRECT_OBJC_ISA_USAGE = YES_ERROR;
				CLANG_WARN_DOCUMENTATION_COMMENTS = YES;
				CLANG_WARN_EMPTY_BODY = YES;
				CLANG_WARN_ENUM_CONVERSION = YES;
				CLANG_WARN_INFINITE_RECURSION = YES;
				CLANG_WARN_INT_CONVERSION = YES;
				CLANG_WARN_NON_LITERAL_NULL_CONVERSION = YES;
				CLANG_WARN_OBJC_IMPLICIT_RETAIN_SELF = YES;
				CLANG_WARN_OBJC_LITERAL_CONVERSION = YES;
				CLANG_WARN_OBJC_ROOT_CLASS = YES_ERROR;
				CLANG_WARN_QUOTED_INCLUDE_IN_FRAMEWORK_HEADER = YES;
				CLANG_WARN_RANGE_LOOP_ANALYSIS = YES;
				CLANG_WARN_STRICT_PROTOTYPES = YES;
				CLANG_WARN_SUSPICIOUS_MOVE = YES;
				CLANG_WARN_UNGUARDED_AVAILABILITY = YES_AGGRESSIVE;
				CLANG_WARN_UNREACHABLE_CODE = YES;
				CLANG_WARN__DUPLICATE_METHOD_MATCH = YES;
				COPY_PHASE_STRIP = NO;
				DEBUG_INFORMATION_FORMAT = "dwarf-with-dsym";
				ENABLE_NS_ASSERTIONS = NO;
				ENABLE_STRICT_OBJC_MSGSEND = YES;
				ENABLE_USER_SCRIPT_SANDBOXING = YES;
				GCC_C_LANGUAGE_STANDARD = gnu17;
				GCC_NO_COMMON_BLOCKS = YES;
				GCC_WARN_64_TO_32_BIT_CONVERSION = YES;
				GCC_WARN_ABOUT_RETURN_TYPE = YES_ERROR;
				GCC_WARN_UNDECLARED_SELECTOR = YES;
				GCC_WARN_UNINITIALIZED_AUTOS = YES_AGGRESSIVE;
				GCC_WARN_UNUSED_FUNCTION = YES;
				GCC_WARN_UNUSED_VARIABLE = YES;
				IPHONEOS_DEPLOYMENT_TARGET = 17.4;
				LOCALIZATION_PREFERS_STRING_CATALOGS = YES;
				MTL_ENABLE_DEBUG_INFO = NO;
				MTL_FAST_MATH = YES;
				SDKROOT = iphoneos;
				SWIFT_COMPILATION_MODE = wholemodule;
				VALIDATE_PRODUCT = YES;
			};
			name = Release;
		};
		0E19A6CD2BA587B000CF6263 /* Debug */ = {
			isa = XCBuildConfiguration;
			buildSettings = {
				ASSETCATALOG_COMPILER_APPICON_NAME = AppIcon;
				ASSETCATALOG_COMPILER_GLOBAL_ACCENT_COLOR_NAME = AccentColor;
				CODE_SIGN_STYLE = Automatic;
				CURRENT_PROJECT_VERSION = 1;
				DEVELOPMENT_ASSET_PATHS = "\"insta-replica/Preview Content\"";
				ENABLE_PREVIEWS = YES;
				GENERATE_INFOPLIST_FILE = YES;
				INFOPLIST_KEY_UIApplicationSceneManifest_Generation = YES;
				INFOPLIST_KEY_UIApplicationSupportsIndirectInputEvents = YES;
				INFOPLIST_KEY_UILaunchScreen_Generation = YES;
				INFOPLIST_KEY_UISupportedInterfaceOrientations_iPad = "UIInterfaceOrientationPortrait UIInterfaceOrientationPortraitUpsideDown UIInterfaceOrientationLandscapeLeft UIInterfaceOrientationLandscapeRight";
				INFOPLIST_KEY_UISupportedInterfaceOrientations_iPhone = "UIInterfaceOrientationPortrait UIInterfaceOrientationLandscapeLeft UIInterfaceOrientationLandscapeRight";
				LD_RUNPATH_SEARCH_PATHS = (
					"$(inherited)",
					"@executable_path/Frameworks",
				);
				MARKETING_VERSION = 1.0;
				PRODUCT_BUNDLE_IDENTIFIER = "com.krishna.insta-replica";
				PRODUCT_NAME = "$(TARGET_NAME)";
				SWIFT_EMIT_LOC_STRINGS = YES;
				SWIFT_VERSION = 5.0;
				TARGETED_DEVICE_FAMILY = "1,2";
			};
			name = Debug;
		};
		0E19A6CE2BA587B000CF6263 /* Release */ = {
			isa = XCBuildConfiguration;
			buildSettings = {
				ASSETCATALOG_COMPILER_APPICON_NAME = AppIcon;
				ASSETCATALOG_COMPILER_GLOBAL_ACCENT_COLOR_NAME = AccentColor;
				CODE_SIGN_STYLE = Automatic;
				CURRENT_PROJECT_VERSION = 1;
				DEVELOPMENT_ASSET_PATHS = "\"insta-replica/Preview Content\"";
				ENABLE_PREVIEWS = YES;
				GENERATE_INFOPLIST_FILE = YES;
				INFOPLIST_KEY_UIApplicationSceneManifest_Generation = YES;
				INFOPLIST_KEY_UIApplicationSupportsIndirectInputEvents = YES;
				INFOPLIST_KEY_UILaunchScreen_Generation = YES;
				INFOPLIST_KEY_UISupportedInterfaceOrientations_iPad = "UIInterfaceOrientationPortrait UIInterfaceOrientationPortraitUpsideDown UIInterfaceOrientationLandscapeLeft UIInterfaceOrientationLandscapeRight";
				INFOPLIST_KEY_UISupportedInterfaceOrientations_iPhone = "UIInterfaceOrientationPortrait UIInterfaceOrientationLandscapeLeft UIInterfaceOrientationLandscapeRight";
				LD_RUNPATH_SEARCH_PATHS = (
					"$(inherited)",
					"@executable_path/Frameworks",
				);
				MARKETING_VERSION = 1.0;
				PRODUCT_BUNDLE_IDENTIFIER = "com.krishna.insta-replica";
				PRODUCT_NAME = "$(TARGET_NAME)";
				SWIFT_EMIT_LOC_STRINGS = YES;
				SWIFT_VERSION = 5.0;
				TARGETED_DEVICE_FAMILY = "1,2";
			};
			name = Release;
		};
		0E19A6D02BA587B000CF6263 /* Debug */ = {
			isa = XCBuildConfiguration;
			buildSettings = {
				ALWAYS_EMBED_SWIFT_STANDARD_LIBRARIES = YES;
				BUNDLE_LOADER = "$(TEST_HOST)";
				CODE_SIGN_STYLE = Automatic;
				CURRENT_PROJECT_VERSION = 1;
				GENERATE_INFOPLIST_FILE = YES;
				IPHONEOS_DEPLOYMENT_TARGET = 17.4;
				MARKETING_VERSION = 1.0;
				PRODUCT_BUNDLE_IDENTIFIER = "com.krishna.insta-replicaTests";
				PRODUCT_NAME = "$(TARGET_NAME)";
				SWIFT_EMIT_LOC_STRINGS = NO;
				SWIFT_VERSION = 5.0;
				TARGETED_DEVICE_FAMILY = "1,2";
				TEST_HOST = "$(BUILT_PRODUCTS_DIR)/insta-replica.app/$(BUNDLE_EXECUTABLE_FOLDER_PATH)/insta-replica";
			};
			name = Debug;
		};
		0E19A6D12BA587B000CF6263 /* Release */ = {
			isa = XCBuildConfiguration;
			buildSettings = {
				ALWAYS_EMBED_SWIFT_STANDARD_LIBRARIES = YES;
				BUNDLE_LOADER = "$(TEST_HOST)";
				CODE_SIGN_STYLE = Automatic;
				CURRENT_PROJECT_VERSION = 1;
				GENERATE_INFOPLIST_FILE = YES;
				IPHONEOS_DEPLOYMENT_TARGET = 17.4;
				MARKETING_VERSION = 1.0;
				PRODUCT_BUNDLE_IDENTIFIER = "com.krishna.insta-replicaTests";
				PRODUCT_NAME = "$(TARGET_NAME)";
				SWIFT_EMIT_LOC_STRINGS = NO;
				SWIFT_VERSION = 5.0;
				TARGETED_DEVICE_FAMILY = "1,2";
				TEST_HOST = "$(BUILT_PRODUCTS_DIR)/insta-replica.app/$(BUNDLE_EXECUTABLE_FOLDER_PATH)/insta-replica";
			};
			name = Release;
		};
		0E19A6D32BA587B000CF6263 /* Debug */ = {
			isa = XCBuildConfiguration;
			buildSettings = {
				ALWAYS_EMBED_SWIFT_STANDARD_LIBRARIES = YES;
				CODE_SIGN_STYLE = Automatic;
				CURRENT_PROJECT_VERSION = 1;
				GENERATE_INFOPLIST_FILE = YES;
				MARKETING_VERSION = 1.0;
				PRODUCT_BUNDLE_IDENTIFIER = "com.krishna.insta-replicaUITests";
				PRODUCT_NAME = "$(TARGET_NAME)";
				SWIFT_EMIT_LOC_STRINGS = NO;
				SWIFT_VERSION = 5.0;
				TARGETED_DEVICE_FAMILY = "1,2";
				TEST_TARGET_NAME = "insta-replica";
			};
			name = Debug;
		};
		0E19A6D42BA587B000CF6263 /* Release */ = {
			isa = XCBuildConfiguration;
			buildSettings = {
				ALWAYS_EMBED_SWIFT_STANDARD_LIBRARIES = YES;
				CODE_SIGN_STYLE = Automatic;
				CURRENT_PROJECT_VERSION = 1;
				GENERATE_INFOPLIST_FILE = YES;
				MARKETING_VERSION = 1.0;
				PRODUCT_BUNDLE_IDENTIFIER = "com.krishna.insta-replicaUITests";
				PRODUCT_NAME = "$(TARGET_NAME)";
				SWIFT_EMIT_LOC_STRINGS = NO;
				SWIFT_VERSION = 5.0;
				TARGETED_DEVICE_FAMILY = "1,2";
				TEST_TARGET_NAME = "insta-replica";
			};
			name = Release;
		};
/* End XCBuildConfiguration section */

/* Begin XCConfigurationList section */
		0E19A6A32BA587AF00CF6263 /* Build configuration list for PBXProject "insta-replica" */ = {
			isa = XCConfigurationList;
			buildConfigurations = (
				0E19A6CA2BA587B000CF6263 /* Debug */,
				0E19A6CB2BA587B000CF6263 /* Release */,
			);
			defaultConfigurationIsVisible = 0;
			defaultConfigurationName = Release;
		};
		0E19A6CC2BA587B000CF6263 /* Build configuration list for PBXNativeTarget "insta-replica" */ = {
			isa = XCConfigurationList;
			buildConfigurations = (
				0E19A6CD2BA587B000CF6263 /* Debug */,
				0E19A6CE2BA587B000CF6263 /* Release */,
			);
			defaultConfigurationIsVisible = 0;
			defaultConfigurationName = Release;
		};
		0E19A6CF2BA587B000CF6263 /* Build configuration list for PBXNativeTarget "insta-replicaTests" */ = {
			isa = XCConfigurationList;
			buildConfigurations = (
				0E19A6D02BA587B000CF6263 /* Debug */,
				0E19A6D12BA587B000CF6263 /* Release */,
			);
			defaultConfigurationIsVisible = 0;
			defaultConfigurationName = Release;
		};
		0E19A6D22BA587B000CF6263 /* Build configuration list for PBXNativeTarget "insta-replicaUITests" */ = {
			isa = XCConfigurationList;
			buildConfigurations = (
				0E19A6D32BA587B000CF6263 /* Debug */,
				0E19A6D42BA587B000CF6263 /* Release */,
			);
			defaultConfigurationIsVisible = 0;
			defaultConfigurationName = Release;
		};
/* End XCConfigurationList section */
	};
	rootObject = 0E19A6A02BA587AF00CF6263 /* Project object */;
}
